<?xml version="1.0" encoding="UTF-8" standalone="yes" ?>
<CodeBlocks_project_file>
	<FileVersion major="1" minor="6" />
	<Project>
		<Option title="Project" />
		<Option pch_mode="2" />
		<Option compiler="gcc" />
		<Build>
			<Target title="Debug">
				<Option output="bin/Debug/Project" prefix_auto="1" extension_auto="1" />
				<Option object_output="obj/Debug/" />
				<Option type="1" />
				<Option compiler="gcc" />
				<Compiler>
					<Add option="-g" />
				</Compiler>
			</Target>
			<Target title="Release">
				<Option output="bin/Release/Project" prefix_auto="1" extension_auto="1" />
				<Option object_output="obj/Release/" />
				<Option type="1" />
				<Option compiler="gcc" />
				<Compiler>
					<Add option="-O2" />
				</Compiler>
				<Linker>
					<Add option="-s" />
				</Linker>
			</Target>
		</Build>
		<Compiler>
			<Add option="-Wall" />
		</Compiler>
		<Unit filename="E_fenetreType.h" />
		<Unit filename="ListCoo.c">
			<Option compilerVar="CC" />
		</Unit>
		<Unit filename="ListCoo.h" />
		<Unit filename="SDL_ecriture.c">
			<Option compilerVar="CC" />
		</Unit>
		<Unit filename="SDL_ecriture.h" />
		<Unit filename="fenetreCarteEvenement.c">
			<Option compilerVar="CC" />
		</Unit>
		<Unit filename="fenetreCarteEvenement.h" />
		<Unit filename="fenetreConfigJoueur.c">
			<Option compilerVar="CC" />
		</Unit>
		<Unit filename="fenetreConfigJoueur.h" />
		<Unit filename="fenetreDifficulte.c">
			<Option compilerVar="CC" />
		</Unit>
		<Unit filename="fenetreDifficulte.h" />
		<Unit filename="fenetreDureePartie.c">
			<Option compilerVar="CC" />
		</Unit>
		<Unit filename="fenetreDureePartie.h" />
		<Unit filename="fenetreJeu.c">
			<Option compilerVar="CC" />
		</Unit>
		<Unit filename="fenetreJeu.h" />
		<Unit filename="fenetreRegles.c">
			<Option compilerVar="CC" />
		</Unit>
		<Unit filename="fenetreRegles.h" />
		<Unit filename="fenetreSelectNbJoueur.c">
			<Option compilerVar="CC" />
		</Unit>
		<Unit filename="fenetreSelectNbJoueur.h" />
		<Unit filename="fenetreTitre.c">
			<Option compilerVar="CC" />
		</Unit>
		<Unit filename="fenetreTitre.h" />
		<Unit filename="gestionFenetre.c">
			<Option compilerVar="CC" />
		</Unit>
		<Unit filename="gestionFenetre.h" />
		<Unit filename="icone.rc">
			<Option compilerVar="WINDRES" />
		</Unit>
		<Unit filename="main.c">
			<Option compilerVar="CC" />
		</Unit>
		<Unit filename="systemJeu.c">
			<Option compilerVar="CC" />
		</Unit>
		<Unit filename="systemJeu.h" />
		<Extensions>
			<code_completion />
			<envvars />
			<debugger />
			<lib_finder disable_auto="1" />
		</Extensions>
	</Project>
</CodeBlocks_project_file>
